
Microsoft Visual Studio Solution File, Format Version 12.00
# Visual Studio Version 17
VisualStudioVersion = 17.4.33205.214
MinimumVisualStudioVersion = 10.0.40219.1
Project("{FAE04EC0-301F-11D3-BF4B-00C04F79EFBC}") = "YADA.WebApi", "YADA.WebApi.csproj", "{55DD590B-913F-426A-8534-010893FEFCCA}"
EndProject
Global
	GlobalSection(SolutionConfigurationPlatforms) = preSolution
		Debug|Any CPU = Debug|Any CPU
		Release|Any CPU = Release|Any CPU
	EndGlobalSection
	GlobalSection(ProjectConfigurationPlatforms) = postSolution
		{55DD590B-913F-426A-8534-010893FEFCCA}.Debug|Any CPU.ActiveCfg = Debug|Any CPU
		{55DD590B-913F-426A-8534-010893FEFCCA}.Debug|Any CPU.Build.0 = Debug|Any CPU
		{55DD590B-913F-426A-8534-010893FEFCCA}.Release|Any CPU.ActiveCfg = Release|Any CPU
		{55DD590B-913F-426A-8534-010893FEFCCA}.Release|Any CPU.Build.0 = Release|Any CPU
	EndGlobalSection
	GlobalSection(SolutionProperties) = preSolution
		HideSolutionNode = FALSE
	EndGlobalSection
	GlobalSection(ExtensibilityGlobals) = postSolution
		SolutionGuid = {26797569-5642-432F-A6ED-1364783EC6FE}
	EndGlobalSection
EndGlobal
